github.com/cogentcore/webgpu v0.23.0 h1:hrjnnuDZAPSRsqBjQAsJOyg2COGztIkBbxL87r0Q9KE=
github.com/cogentcore/webgpu v0.23.0/go.mod h1:ciqaxChrmRRMU1SnI5OE12Cn3QWvOKO+e5nSy+N9S1o=
github.com/go-gl/glfw/v3.3/glfw v0.0.0-20260406072232-3ac4aa2bb164 h1:ddtotcEXIT7dFhSeXIWjK8YMFYl5bB2NdYQwgv6Uqjk=
github.com/go-gl/glfw/v3.3/glfw v0.0.0-20260406072232-3ac4aa2bb164/go.mod h1:SyRD8YfuKk+ZXlDqYiqe1qMSqjNgtHzBTG810KUagMc=
github.com/soypat/lefevre v0.0.0-20260410154114-fb5b0810a6fe h1:wEitxs0zVbKjUe+5S3N8uA/s40l0PyGpBUFcGxMGDj4=
github.com/soypat/lefevre v0.0.0-20260410154114-fb5b0810a6fe/go.mod h1:isEsoKIedVFjONjTPEzACot3Wj7eHvvI1y7j56X3ffU=
